
Microsoft Visual Studio Solution File, Format Version 12.00
# Visual Studio 15
VisualStudioVersion = 15.0.28010.2046
MinimumVisualStudioVersion = 10.0.40219.1
Project("{FAE04EC0-301F-11D3-BF4B-00C04F79EFBC}") = "ExamPreparation1", "ExamPreparation1\ExamPreparation1.csproj", "{3B880846-F1AF-4E9A-AC38-6D17FA5549DA}"
EndProject
Project("{FAE04EC0-301F-11D3-BF4B-00C04F79EFBC}") = "EP1KeyRevolver", "EP1KeyRevolver\EP1KeyRevolver.csproj", "{14B4539A-648D-4F13-8C6F-D2F3CC39FD4D}"
EndProject
Project("{FAE04EC0-301F-11D3-BF4B-00C04F79EFBC}") = "Ep2SneakingVer2", "Ep2SneakingVer2\Ep2SneakingVer2.csproj", "{FD3101C5-5CD8-440F-ABA5-6F0F8E5F1CE5}"
EndProject
Project("{FAE04EC0-301F-11D3-BF4B-00C04F79EFBC}") = "EP3CryptoBlockchain", "EP3CryptoBlockchain\EP3CryptoBlockchain.csproj", "{12BBF33C-9064-49C7-ACB6-9667535AFFE5}"
EndProject
Project("{FAE04EC0-301F-11D3-BF4B-00C04F79EFBC}") = "EP4HitList", "EP4HitList\EP4HitList.csproj", "{AE76A5D0-B8DA-4D16-8A82-97E4A5644305}"
EndProject
Global
	GlobalSection(SolutionConfigurationPlatforms) = preSolution
		Debug|Any CPU = Debug|Any CPU
		Release|Any CPU = Release|Any CPU
	EndGlobalSection
	GlobalSection(ProjectConfigurationPlatforms) = postSolution
		{3B880846-F1AF-4E9A-AC38-6D17FA5549DA}.Debug|Any CPU.ActiveCfg = Debug|Any CPU
		{3B880846-F1AF-4E9A-AC38-6D17FA5549DA}.Debug|Any CPU.Build.0 = Debug|Any CPU
		{3B880846-F1AF-4E9A-AC38-6D17FA5549DA}.Release|Any CPU.ActiveCfg = Release|Any CPU
		{3B880846-F1AF-4E9A-AC38-6D17FA5549DA}.Release|Any CPU.Build.0 = Release|Any CPU
		{14B4539A-648D-4F13-8C6F-D2F3CC39FD4D}.Debug|Any CPU.ActiveCfg = Debug|Any CPU
		{14B4539A-648D-4F13-8C6F-D2F3CC39FD4D}.Debug|Any CPU.Build.0 = Debug|Any CPU
		{14B4539A-648D-4F13-8C6F-D2F3CC39FD4D}.Release|Any CPU.ActiveCfg = Release|Any CPU
		{14B4539A-648D-4F13-8C6F-D2F3CC39FD4D}.Release|Any CPU.Build.0 = Release|Any CPU
		{FD3101C5-5CD8-440F-ABA5-6F0F8E5F1CE5}.Debug|Any CPU.ActiveCfg = Debug|Any CPU
		{FD3101C5-5CD8-440F-ABA5-6F0F8E5F1CE5}.Debug|Any CPU.Build.0 = Debug|Any CPU
		{FD3101C5-5CD8-440F-ABA5-6F0F8E5F1CE5}.Release|Any CPU.ActiveCfg = Release|Any CPU
		{FD3101C5-5CD8-440F-ABA5-6F0F8E5F1CE5}.Release|Any CPU.Build.0 = Release|Any CPU
		{12BBF33C-9064-49C7-ACB6-9667535AFFE5}.Debug|Any CPU.ActiveCfg = Debug|Any CPU
		{12BBF33C-9064-49C7-ACB6-9667535AFFE5}.Debug|Any CPU.Build.0 = Debug|Any CPU
		{12BBF33C-9064-49C7-ACB6-9667535AFFE5}.Release|Any CPU.ActiveCfg = Release|Any CPU
		{12BBF33C-9064-49C7-ACB6-9667535AFFE5}.Release|Any CPU.Build.0 = Release|Any CPU
		{AE76A5D0-B8DA-4D16-8A82-97E4A5644305}.Debug|Any CPU.ActiveCfg = Debug|Any CPU
		{AE76A5D0-B8DA-4D16-8A82-97E4A5644305}.Debug|Any CPU.Build.0 = Debug|Any CPU
		{AE76A5D0-B8DA-4D16-8A82-97E4A5644305}.Release|Any CPU.ActiveCfg = Release|Any CPU
		{AE76A5D0-B8DA-4D16-8A82-97E4A5644305}.Release|Any CPU.Build.0 = Release|Any CPU
	EndGlobalSection
	GlobalSection(SolutionProperties) = preSolution
		HideSolutionNode = FALSE
	EndGlobalSection
	GlobalSection(ExtensibilityGlobals) = postSolution
		SolutionGuid = {14D4F888-4925-4533-BB61-9879B978BC98}
	EndGlobalSection
EndGlobal
