
Microsoft Visual Studio Solution File, Format Version 12.00
# Visual Studio 15
VisualStudioVersion = 15.0.28010.2026
MinimumVisualStudioVersion = 10.0.40219.1
Project("{9A19103F-16F7-4668-BE54-9A1E7A4F7556}") = "MultidimensionalArraysExercises", "MultidimensionalArraysExercises\MultidimensionalArraysExercises.csproj", "{5C2A6B8D-BC02-4BC9-8059-918922589A30}"
EndProject
Project("{9A19103F-16F7-4668-BE54-9A1E7A4F7556}") = "P1MatrixOfPalindromes", "P1MatrixOfPalindromes\P1MatrixOfPalindromes.csproj", "{E8121C1B-CBA3-49F8-851C-F1BF9EC45642}"
EndProject
Project("{9A19103F-16F7-4668-BE54-9A1E7A4F7556}") = "P2DiagonalDifference", "P2DiagonalDifference\P2DiagonalDifference.csproj", "{B93C65AE-BC56-45CF-92C8-56568714F919}"
EndProject
Project("{9A19103F-16F7-4668-BE54-9A1E7A4F7556}") = "P3SquaresInMatrix", "P2SquaresInMatrix\P3SquaresInMatrix.csproj", "{0A081654-35FC-4441-91AF-D609BDE0FAF0}"
EndProject
Project("{9A19103F-16F7-4668-BE54-9A1E7A4F7556}") = "P4MaximalSum", "P4MaximalSum\P4MaximalSum.csproj", "{473C28D0-3B41-4BEA-872C-78F76C60366F}"
EndProject
Project("{9A19103F-16F7-4668-BE54-9A1E7A4F7556}") = "P5RubiksMatrix", "P5RubiksMatrix\P5RubiksMatrix.csproj", "{99C5B567-1071-410F-89E7-331AD55B18B1}"
EndProject
Project("{9A19103F-16F7-4668-BE54-9A1E7A4F7556}") = "P5RubiksMatrixV2", "P5RubiksMatrixV2\P5RubiksMatrixV2.csproj", "{EAEF95C0-7281-4BAE-9ADD-ABB76B798041}"
EndProject
Project("{FAE04EC0-301F-11D3-BF4B-00C04F79EFBC}") = "P6TargetPractice", "P6TargetPractice\P6TargetPractice.csproj", "{A2F27AD9-0F8D-45BF-94D1-DCB1B6B9A413}"
EndProject
Project("{FAE04EC0-301F-11D3-BF4B-00C04F79EFBC}") = "P6TargetPracticeGuided", "P6TargetPracticeGuided\P6TargetPracticeGuided.csproj", "{287C3F8C-77AA-4DAC-9854-C3BB19386554}"
EndProject
Global
	GlobalSection(SolutionConfigurationPlatforms) = preSolution
		Debug|Any CPU = Debug|Any CPU
		Release|Any CPU = Release|Any CPU
	EndGlobalSection
	GlobalSection(ProjectConfigurationPlatforms) = postSolution
		{5C2A6B8D-BC02-4BC9-8059-918922589A30}.Debug|Any CPU.ActiveCfg = Debug|Any CPU
		{5C2A6B8D-BC02-4BC9-8059-918922589A30}.Debug|Any CPU.Build.0 = Debug|Any CPU
		{5C2A6B8D-BC02-4BC9-8059-918922589A30}.Release|Any CPU.ActiveCfg = Release|Any CPU
		{5C2A6B8D-BC02-4BC9-8059-918922589A30}.Release|Any CPU.Build.0 = Release|Any CPU
		{E8121C1B-CBA3-49F8-851C-F1BF9EC45642}.Debug|Any CPU.ActiveCfg = Debug|Any CPU
		{E8121C1B-CBA3-49F8-851C-F1BF9EC45642}.Debug|Any CPU.Build.0 = Debug|Any CPU
		{E8121C1B-CBA3-49F8-851C-F1BF9EC45642}.Release|Any CPU.ActiveCfg = Release|Any CPU
		{E8121C1B-CBA3-49F8-851C-F1BF9EC45642}.Release|Any CPU.Build.0 = Release|Any CPU
		{B93C65AE-BC56-45CF-92C8-56568714F919}.Debug|Any CPU.ActiveCfg = Debug|Any CPU
		{B93C65AE-BC56-45CF-92C8-56568714F919}.Debug|Any CPU.Build.0 = Debug|Any CPU
		{B93C65AE-BC56-45CF-92C8-56568714F919}.Release|Any CPU.ActiveCfg = Release|Any CPU
		{B93C65AE-BC56-45CF-92C8-56568714F919}.Release|Any CPU.Build.0 = Release|Any CPU
		{0A081654-35FC-4441-91AF-D609BDE0FAF0}.Debug|Any CPU.ActiveCfg = Debug|Any CPU
		{0A081654-35FC-4441-91AF-D609BDE0FAF0}.Debug|Any CPU.Build.0 = Debug|Any CPU
		{0A081654-35FC-4441-91AF-D609BDE0FAF0}.Release|Any CPU.ActiveCfg = Release|Any CPU
		{0A081654-35FC-4441-91AF-D609BDE0FAF0}.Release|Any CPU.Build.0 = Release|Any CPU
		{473C28D0-3B41-4BEA-872C-78F76C60366F}.Debug|Any CPU.ActiveCfg = Debug|Any CPU
		{473C28D0-3B41-4BEA-872C-78F76C60366F}.Debug|Any CPU.Build.0 = Debug|Any CPU
		{473C28D0-3B41-4BEA-872C-78F76C60366F}.Release|Any CPU.ActiveCfg = Release|Any CPU
		{473C28D0-3B41-4BEA-872C-78F76C60366F}.Release|Any CPU.Build.0 = Release|Any CPU
		{99C5B567-1071-410F-89E7-331AD55B18B1}.Debug|Any CPU.ActiveCfg = Debug|Any CPU
		{99C5B567-1071-410F-89E7-331AD55B18B1}.Debug|Any CPU.Build.0 = Debug|Any CPU
		{99C5B567-1071-410F-89E7-331AD55B18B1}.Release|Any CPU.ActiveCfg = Release|Any CPU
		{99C5B567-1071-410F-89E7-331AD55B18B1}.Release|Any CPU.Build.0 = Release|Any CPU
		{EAEF95C0-7281-4BAE-9ADD-ABB76B798041}.Debug|Any CPU.ActiveCfg = Debug|Any CPU
		{EAEF95C0-7281-4BAE-9ADD-ABB76B798041}.Debug|Any CPU.Build.0 = Debug|Any CPU
		{EAEF95C0-7281-4BAE-9ADD-ABB76B798041}.Release|Any CPU.ActiveCfg = Release|Any CPU
		{EAEF95C0-7281-4BAE-9ADD-ABB76B798041}.Release|Any CPU.Build.0 = Release|Any CPU
		{A2F27AD9-0F8D-45BF-94D1-DCB1B6B9A413}.Debug|Any CPU.ActiveCfg = Debug|Any CPU
		{A2F27AD9-0F8D-45BF-94D1-DCB1B6B9A413}.Debug|Any CPU.Build.0 = Debug|Any CPU
		{A2F27AD9-0F8D-45BF-94D1-DCB1B6B9A413}.Release|Any CPU.ActiveCfg = Release|Any CPU
		{A2F27AD9-0F8D-45BF-94D1-DCB1B6B9A413}.Release|Any CPU.Build.0 = Release|Any CPU
		{287C3F8C-77AA-4DAC-9854-C3BB19386554}.Debug|Any CPU.ActiveCfg = Debug|Any CPU
		{287C3F8C-77AA-4DAC-9854-C3BB19386554}.Debug|Any CPU.Build.0 = Debug|Any CPU
		{287C3F8C-77AA-4DAC-9854-C3BB19386554}.Release|Any CPU.ActiveCfg = Release|Any CPU
		{287C3F8C-77AA-4DAC-9854-C3BB19386554}.Release|Any CPU.Build.0 = Release|Any CPU
	EndGlobalSection
	GlobalSection(SolutionProperties) = preSolution
		HideSolutionNode = FALSE
	EndGlobalSection
	GlobalSection(ExtensibilityGlobals) = postSolution
		SolutionGuid = {959FAA19-F7AE-4920-9F90-DE662B0CB80A}
	EndGlobalSection
EndGlobal
